
Microsoft Visual Studio Solution File, Format Version 12.00
# Visual Studio Version 16
VisualStudioVersion = 16.0.30621.155
MinimumVisualStudioVersion = 10.0.40219.1
Project("{FAE04EC0-301F-11D3-BF4B-00C04F79EFBC}") = "pattern4", "pattern4\pattern4.csproj", "{9AA4D325-8785-4041-B575-F001C22AABB4}"
EndProject
Global
	GlobalSection(SolutionConfigurationPlatforms) = preSolution
		Debug|Any CPU = Debug|Any CPU
		Release|Any CPU = Release|Any CPU
	EndGlobalSection
	GlobalSection(ProjectConfigurationPlatforms) = postSolution
		{9AA4D325-8785-4041-B575-F001C22AABB4}.Debug|Any CPU.ActiveCfg = Debug|Any CPU
		{9AA4D325-8785-4041-B575-F001C22AABB4}.Debug|Any CPU.Build.0 = Debug|Any CPU
		{9AA4D325-8785-4041-B575-F001C22AABB4}.Release|Any CPU.ActiveCfg = Release|Any CPU
		{9AA4D325-8785-4041-B575-F001C22AABB4}.Release|Any CPU.Build.0 = Release|Any CPU
	EndGlobalSection
	GlobalSection(SolutionProperties) = preSolution
		HideSolutionNode = FALSE
	EndGlobalSection
	GlobalSection(ExtensibilityGlobals) = postSolution
		SolutionGuid = {AA57617E-7610-4A7E-874F-1F40144C13C3}
	EndGlobalSection
EndGlobal
