
Microsoft Visual Studio Solution File, Format Version 12.00
# Visual Studio Version 16
VisualStudioVersion = 16.0.30621.155
MinimumVisualStudioVersion = 10.0.40219.1
Project("{FAE04EC0-301F-11D3-BF4B-00C04F79EFBC}") = "DiamondPattern", "DiamondPattern\DiamondPattern.csproj", "{03F22EA7-0F65-49FA-AB25-E9FBB55FCDB6}"
EndProject
Global
	GlobalSection(SolutionConfigurationPlatforms) = preSolution
		Debug|Any CPU = Debug|Any CPU
		Release|Any CPU = Release|Any CPU
	EndGlobalSection
	GlobalSection(ProjectConfigurationPlatforms) = postSolution
		{03F22EA7-0F65-49FA-AB25-E9FBB55FCDB6}.Debug|Any CPU.ActiveCfg = Debug|Any CPU
		{03F22EA7-0F65-49FA-AB25-E9FBB55FCDB6}.Debug|Any CPU.Build.0 = Debug|Any CPU
		{03F22EA7-0F65-49FA-AB25-E9FBB55FCDB6}.Release|Any CPU.ActiveCfg = Release|Any CPU
		{03F22EA7-0F65-49FA-AB25-E9FBB55FCDB6}.Release|Any CPU.Build.0 = Release|Any CPU
	EndGlobalSection
	GlobalSection(SolutionProperties) = preSolution
		HideSolutionNode = FALSE
	EndGlobalSection
	GlobalSection(ExtensibilityGlobals) = postSolution
		SolutionGuid = {C1BA15EA-BBA9-438B-A182-4EBD5F321C16}
	EndGlobalSection
EndGlobal
