
Microsoft Visual Studio Solution File, Format Version 12.00
# Visual Studio Version 16
VisualStudioVersion = 16.0.30621.155
MinimumVisualStudioVersion = 10.0.40219.1
Project("{FAE04EC0-301F-11D3-BF4B-00C04F79EFBC}") = "pattern6", "pattern6\pattern6.csproj", "{9BD727F0-75FB-4F62-B2BD-3F6B659D9D09}"
EndProject
Global
	GlobalSection(SolutionConfigurationPlatforms) = preSolution
		Debug|Any CPU = Debug|Any CPU
		Release|Any CPU = Release|Any CPU
	EndGlobalSection
	GlobalSection(ProjectConfigurationPlatforms) = postSolution
		{9BD727F0-75FB-4F62-B2BD-3F6B659D9D09}.Debug|Any CPU.ActiveCfg = Debug|Any CPU
		{9BD727F0-75FB-4F62-B2BD-3F6B659D9D09}.Debug|Any CPU.Build.0 = Debug|Any CPU
		{9BD727F0-75FB-4F62-B2BD-3F6B659D9D09}.Release|Any CPU.ActiveCfg = Release|Any CPU
		{9BD727F0-75FB-4F62-B2BD-3F6B659D9D09}.Release|Any CPU.Build.0 = Release|Any CPU
	EndGlobalSection
	GlobalSection(SolutionProperties) = preSolution
		HideSolutionNode = FALSE
	EndGlobalSection
	GlobalSection(ExtensibilityGlobals) = postSolution
		SolutionGuid = {4682388A-DE17-4B83-8FB6-3403411C5987}
	EndGlobalSection
EndGlobal
