
Microsoft Visual Studio Solution File, Format Version 12.00
# Visual Studio Version 16
VisualStudioVersion = 16.0.31112.23
MinimumVisualStudioVersion = 10.0.40219.1
Project("{9A19103F-16F7-4668-BE54-9A1E7A4F7556}") = "GradeBook", "GradeBook\GradeBook.csproj", "{6306549F-41F7-4848-8BAC-CF5EB6C3E733}"
EndProject
Project("{FAE04EC0-301F-11D3-BF4B-00C04F79EFBC}") = "BookXunitTest", "BookXunitTest\BookXunitTest.csproj", "{F77522C0-45B9-4C33-A45A-C1D279292440}"
EndProject
Global
	GlobalSection(SolutionConfigurationPlatforms) = preSolution
		Debug|Any CPU = Debug|Any CPU
		Release|Any CPU = Release|Any CPU
	EndGlobalSection
	GlobalSection(ProjectConfigurationPlatforms) = postSolution
		{6306549F-41F7-4848-8BAC-CF5EB6C3E733}.Debug|Any CPU.ActiveCfg = Debug|Any CPU
		{6306549F-41F7-4848-8BAC-CF5EB6C3E733}.Debug|Any CPU.Build.0 = Debug|Any CPU
		{6306549F-41F7-4848-8BAC-CF5EB6C3E733}.Release|Any CPU.ActiveCfg = Release|Any CPU
		{6306549F-41F7-4848-8BAC-CF5EB6C3E733}.Release|Any CPU.Build.0 = Release|Any CPU
		{F77522C0-45B9-4C33-A45A-C1D279292440}.Debug|Any CPU.ActiveCfg = Debug|Any CPU
		{F77522C0-45B9-4C33-A45A-C1D279292440}.Debug|Any CPU.Build.0 = Debug|Any CPU
		{F77522C0-45B9-4C33-A45A-C1D279292440}.Release|Any CPU.ActiveCfg = Release|Any CPU
		{F77522C0-45B9-4C33-A45A-C1D279292440}.Release|Any CPU.Build.0 = Release|Any CPU
	EndGlobalSection
	GlobalSection(SolutionProperties) = preSolution
		HideSolutionNode = FALSE
	EndGlobalSection
	GlobalSection(ExtensibilityGlobals) = postSolution
		SolutionGuid = {6E53AEFF-A8B1-435F-A19C-71C6DF0FFC4C}
	EndGlobalSection
EndGlobal
