
Microsoft Visual Studio Solution File, Format Version 12.00
# Visual Studio Version 16
VisualStudioVersion = 16.0.31112.23
MinimumVisualStudioVersion = 10.0.40219.1
Project("{FAE04EC0-301F-11D3-BF4B-00C04F79EFBC}") = "args", "args\args.csproj", "{9E399B03-F511-4B56-8311-62097BA823B7}"
EndProject
Global
	GlobalSection(SolutionConfigurationPlatforms) = preSolution
		Debug|Any CPU = Debug|Any CPU
		Release|Any CPU = Release|Any CPU
	EndGlobalSection
	GlobalSection(ProjectConfigurationPlatforms) = postSolution
		{9E399B03-F511-4B56-8311-62097BA823B7}.Debug|Any CPU.ActiveCfg = Debug|Any CPU
		{9E399B03-F511-4B56-8311-62097BA823B7}.Debug|Any CPU.Build.0 = Debug|Any CPU
		{9E399B03-F511-4B56-8311-62097BA823B7}.Release|Any CPU.ActiveCfg = Release|Any CPU
		{9E399B03-F511-4B56-8311-62097BA823B7}.Release|Any CPU.Build.0 = Release|Any CPU
	EndGlobalSection
	GlobalSection(SolutionProperties) = preSolution
		HideSolutionNode = FALSE
	EndGlobalSection
	GlobalSection(ExtensibilityGlobals) = postSolution
		SolutionGuid = {9F81E1A8-FDE5-484E-B7EE-F425ED73844A}
	EndGlobalSection
EndGlobal
